
Microsoft Visual Studio Solution File, Format Version 12.00
# Visual Studio 2012
Project("{2150E333-8FDC-42A3-9474-1A3956D46DE8}") = "1 Front End (UI)", "1 Front End (UI)", "{7BA653B7-A9C3-43CA-BBE7-0F30C98FB306}"
EndProject
Project("{2150E333-8FDC-42A3-9474-1A3956D46DE8}") = "2 Business Layer Interfaces", "2 Business Layer Interfaces", "{3EE310EA-6434-4E0D-A839-3E10BC4057B6}"
EndProject
Project("{2150E333-8FDC-42A3-9474-1A3956D46DE8}") = "3 Repository Interfaces", "3 Repository Interfaces", "{002C3785-83ED-4365-8DFA-B61F728BA2EC}"
EndProject
Project("{2150E333-8FDC-42A3-9474-1A3956D46DE8}") = "4 Domain Entities", "4 Domain Entities", "{E25F47E3-0253-4454-B463-26B65DD82707}"
EndProject
Project("{2150E333-8FDC-42A3-9474-1A3956D46DE8}") = "5 Common", "5 Common", "{2D395A07-D90B-4F23-A2A2-7923A236E29A}"
EndProject
Project("{2150E333-8FDC-42A3-9474-1A3956D46DE8}") = "6 Dependency Resolvers", "6 Dependency Resolvers", "{08C347E2-9487-4C6E-A104-D3CF5AFC1C42}"
EndProject
Project("{2150E333-8FDC-42A3-9474-1A3956D46DE8}") = "7 Dependencies", "7 Dependencies", "{D4E0A929-31CB-4567-8C46-CB679ECD9224}"
EndProject
Project("{FAE04EC0-301F-11D3-BF4B-00C04F79EFBC}") = "2RERP.BusinessInterfaces", "2RERP.BusinessInterfaces\2RERP.BusinessInterfaces.csproj", "{8824FCC7-4D87-4AE7-B41D-F2FD50995D3D}"
EndProject
Project("{FAE04EC0-301F-11D3-BF4B-00C04F79EFBC}") = "2RERP.RepositoryInterfaces.ComonRepository", "2RERP.RepositoryInterfaces.ComonRepository\2RERP.RepositoryInterfaces.ComonRepository.csproj", "{B5FE9732-C329-4761-8B28-F2FB0B620F7E}"
EndProject
Project("{FAE04EC0-301F-11D3-BF4B-00C04F79EFBC}") = "2RERP.RepositoryInterfaces.Inventory", "2RERP.RepositoryInterfaces.Inventory\2RERP.RepositoryInterfaces.Inventory.csproj", "{224DF213-1BC0-4DAD-8D8A-5A90F6FFD5C1}"
EndProject
Project("{FAE04EC0-301F-11D3-BF4B-00C04F79EFBC}") = "2RERP.RepositoryInterfaces.Sales", "2RERP.RepositoryInterfaces.Sales\2RERP.RepositoryInterfaces.Sales.csproj", "{4E308CE1-2747-4C7F-AAD5-7487D30329FF}"
EndProject
Project("{FAE04EC0-301F-11D3-BF4B-00C04F79EFBC}") = "2RERP.Domain.Common", "2RERP.Domain.Common\2RERP.Domain.Common.csproj", "{366FADA2-1C21-4E24-B09C-A06355ECB40C}"
EndProject
Project("{FAE04EC0-301F-11D3-BF4B-00C04F79EFBC}") = "2RERP.Common", "2RERP.Common\2RERP.Common.csproj", "{2A962149-E595-4C6D-9A67-DE5FE64EE0D5}"
EndProject
Project("{2150E333-8FDC-42A3-9474-1A3956D46DE8}") = "MongoDb Dll And Common Dll Library", "MongoDb Dll And Common Dll Library", "{38E48638-A315-4410-9F9F-154B92ECBA4E}"
EndProject
Project("{FAE04EC0-301F-11D3-BF4B-00C04F79EFBC}") = "DLLLibrary", "DLLLibrary\DLLLibrary.csproj", "{93FFB32D-44C6-4772-B006-8F3F78D6BA48}"
EndProject
Project("{FAE04EC0-301F-11D3-BF4B-00C04F79EFBC}") = "2RERP.Domain.Inventory", "2RERP.Domain.Inventory\2RERP.Domain.Inventory.csproj", "{52887312-8A2D-48A4-909D-B0DF3F7974D3}"
EndProject
Project("{FAE04EC0-301F-11D3-BF4B-00C04F79EFBC}") = "2RERP.Domain.Office", "2RERP.Domain.Office\2RERP.Domain.Office.csproj", "{A4E888BA-372F-4832-888B-D4CE24EE3E87}"
EndProject
Project("{FAE04EC0-301F-11D3-BF4B-00C04F79EFBC}") = "2RERP.Domain.Policy", "2RERP.Domain.Policy\2RERP.Domain.Policy.csproj", "{5AB1EF31-4EE6-472E-8323-591FDECA710B}"
EndProject
Project("{2150E333-8FDC-42A3-9474-1A3956D46DE8}") = "Data", "Data", "{CD78F644-8DFD-4F5D-9E67-72E2439B2866}"
EndProject
Project("{FAE04EC0-301F-11D3-BF4B-00C04F79EFBC}") = "2RERP.Data.Services", "2RERP.Data.Services\2RERP.Data.Services.csproj", "{64D76660-6F58-4AB2-BDA1-CDC32138A411}"
EndProject
Project("{2150E333-8FDC-42A3-9474-1A3956D46DE8}") = "Common Data Services", "Common Data Services", "{6A704022-236A-4B98-8C1D-71C70830EDE7}"
EndProject
Project("{FAE04EC0-301F-11D3-BF4B-00C04F79EFBC}") = "2RERP.Common.Data.Services", "2RERP.Common.Data.Services\2RERP.Common.Data.Services.csproj", "{2FABA2F2-4FD6-464E-B985-D5378CB8FDD9}"
EndProject
Project("{FAE04EC0-301F-11D3-BF4B-00C04F79EFBC}") = "2RERP.DependencyResolver.Web", "2RERP.DependencyResolver.Web\2RERP.DependencyResolver.Web.csproj", "{8D4CA446-1120-4FAF-A2A5-BAA839364EC8}"
EndProject
Project("{FAE04EC0-301F-11D3-BF4B-00C04F79EFBC}") = "2RERP.WebNew", "2RERP.WebNew\2RERP.WebNew.csproj", "{0FBACCD0-1135-49CC-9131-18E4033AD643}"
EndProject
Project("{2150E333-8FDC-42A3-9474-1A3956D46DE8}") = ".nuget", ".nuget", "{EC18BBE4-8FEA-4C32-9E26-66B134A1A59E}"
	ProjectSection(SolutionItems) = preProject
		.nuget\NuGet.Config = .nuget\NuGet.Config
		.nuget\NuGet.exe = .nuget\NuGet.exe
		.nuget\NuGet.targets = .nuget\NuGet.targets
	EndProjectSection
EndProject
Global
	GlobalSection(SolutionConfigurationPlatforms) = preSolution
		Debug|Any CPU = Debug|Any CPU
		Release|Any CPU = Release|Any CPU
	EndGlobalSection
	GlobalSection(ProjectConfigurationPlatforms) = postSolution
		{8824FCC7-4D87-4AE7-B41D-F2FD50995D3D}.Debug|Any CPU.ActiveCfg = Debug|Any CPU
		{8824FCC7-4D87-4AE7-B41D-F2FD50995D3D}.Debug|Any CPU.Build.0 = Debug|Any CPU
		{8824FCC7-4D87-4AE7-B41D-F2FD50995D3D}.Release|Any CPU.ActiveCfg = Release|Any CPU
		{8824FCC7-4D87-4AE7-B41D-F2FD50995D3D}.Release|Any CPU.Build.0 = Release|Any CPU
		{B5FE9732-C329-4761-8B28-F2FB0B620F7E}.Debug|Any CPU.ActiveCfg = Debug|Any CPU
		{B5FE9732-C329-4761-8B28-F2FB0B620F7E}.Debug|Any CPU.Build.0 = Debug|Any CPU
		{B5FE9732-C329-4761-8B28-F2FB0B620F7E}.Release|Any CPU.ActiveCfg = Release|Any CPU
		{B5FE9732-C329-4761-8B28-F2FB0B620F7E}.Release|Any CPU.Build.0 = Release|Any CPU
		{224DF213-1BC0-4DAD-8D8A-5A90F6FFD5C1}.Debug|Any CPU.ActiveCfg = Debug|Any CPU
		{224DF213-1BC0-4DAD-8D8A-5A90F6FFD5C1}.Debug|Any CPU.Build.0 = Debug|Any CPU
		{224DF213-1BC0-4DAD-8D8A-5A90F6FFD5C1}.Release|Any CPU.ActiveCfg = Release|Any CPU
		{224DF213-1BC0-4DAD-8D8A-5A90F6FFD5C1}.Release|Any CPU.Build.0 = Release|Any CPU
		{4E308CE1-2747-4C7F-AAD5-7487D30329FF}.Debug|Any CPU.ActiveCfg = Debug|Any CPU
		{4E308CE1-2747-4C7F-AAD5-7487D30329FF}.Debug|Any CPU.Build.0 = Debug|Any CPU
		{4E308CE1-2747-4C7F-AAD5-7487D30329FF}.Release|Any CPU.ActiveCfg = Release|Any CPU
		{4E308CE1-2747-4C7F-AAD5-7487D30329FF}.Release|Any CPU.Build.0 = Release|Any CPU
		{366FADA2-1C21-4E24-B09C-A06355ECB40C}.Debug|Any CPU.ActiveCfg = Debug|Any CPU
		{366FADA2-1C21-4E24-B09C-A06355ECB40C}.Debug|Any CPU.Build.0 = Debug|Any CPU
		{366FADA2-1C21-4E24-B09C-A06355ECB40C}.Release|Any CPU.ActiveCfg = Release|Any CPU
		{366FADA2-1C21-4E24-B09C-A06355ECB40C}.Release|Any CPU.Build.0 = Release|Any CPU
		{2A962149-E595-4C6D-9A67-DE5FE64EE0D5}.Debug|Any CPU.ActiveCfg = Debug|Any CPU
		{2A962149-E595-4C6D-9A67-DE5FE64EE0D5}.Debug|Any CPU.Build.0 = Debug|Any CPU
		{2A962149-E595-4C6D-9A67-DE5FE64EE0D5}.Release|Any CPU.ActiveCfg = Release|Any CPU
		{2A962149-E595-4C6D-9A67-DE5FE64EE0D5}.Release|Any CPU.Build.0 = Release|Any CPU
		{93FFB32D-44C6-4772-B006-8F3F78D6BA48}.Debug|Any CPU.ActiveCfg = Debug|Any CPU
		{93FFB32D-44C6-4772-B006-8F3F78D6BA48}.Debug|Any CPU.Build.0 = Debug|Any CPU
		{93FFB32D-44C6-4772-B006-8F3F78D6BA48}.Release|Any CPU.ActiveCfg = Release|Any CPU
		{93FFB32D-44C6-4772-B006-8F3F78D6BA48}.Release|Any CPU.Build.0 = Release|Any CPU
		{52887312-8A2D-48A4-909D-B0DF3F7974D3}.Debug|Any CPU.ActiveCfg = Debug|Any CPU
		{52887312-8A2D-48A4-909D-B0DF3F7974D3}.Debug|Any CPU.Build.0 = Debug|Any CPU
		{52887312-8A2D-48A4-909D-B0DF3F7974D3}.Release|Any CPU.ActiveCfg = Release|Any CPU
		{52887312-8A2D-48A4-909D-B0DF3F7974D3}.Release|Any CPU.Build.0 = Release|Any CPU
		{A4E888BA-372F-4832-888B-D4CE24EE3E87}.Debug|Any CPU.ActiveCfg = Debug|Any CPU
		{A4E888BA-372F-4832-888B-D4CE24EE3E87}.Debug|Any CPU.Build.0 = Debug|Any CPU
		{A4E888BA-372F-4832-888B-D4CE24EE3E87}.Release|Any CPU.ActiveCfg = Release|Any CPU
		{A4E888BA-372F-4832-888B-D4CE24EE3E87}.Release|Any CPU.Build.0 = Release|Any CPU
		{5AB1EF31-4EE6-472E-8323-591FDECA710B}.Debug|Any CPU.ActiveCfg = Debug|Any CPU
		{5AB1EF31-4EE6-472E-8323-591FDECA710B}.Debug|Any CPU.Build.0 = Debug|Any CPU
		{5AB1EF31-4EE6-472E-8323-591FDECA710B}.Release|Any CPU.ActiveCfg = Release|Any CPU
		{5AB1EF31-4EE6-472E-8323-591FDECA710B}.Release|Any CPU.Build.0 = Release|Any CPU
		{64D76660-6F58-4AB2-BDA1-CDC32138A411}.Debug|Any CPU.ActiveCfg = Debug|Any CPU
		{64D76660-6F58-4AB2-BDA1-CDC32138A411}.Debug|Any CPU.Build.0 = Debug|Any CPU
		{64D76660-6F58-4AB2-BDA1-CDC32138A411}.Release|Any CPU.ActiveCfg = Release|Any CPU
		{64D76660-6F58-4AB2-BDA1-CDC32138A411}.Release|Any CPU.Build.0 = Release|Any CPU
		{2FABA2F2-4FD6-464E-B985-D5378CB8FDD9}.Debug|Any CPU.ActiveCfg = Debug|Any CPU
		{2FABA2F2-4FD6-464E-B985-D5378CB8FDD9}.Debug|Any CPU.Build.0 = Debug|Any CPU
		{2FABA2F2-4FD6-464E-B985-D5378CB8FDD9}.Release|Any CPU.ActiveCfg = Release|Any CPU
		{2FABA2F2-4FD6-464E-B985-D5378CB8FDD9}.Release|Any CPU.Build.0 = Release|Any CPU
		{8D4CA446-1120-4FAF-A2A5-BAA839364EC8}.Debug|Any CPU.ActiveCfg = Debug|Any CPU
		{8D4CA446-1120-4FAF-A2A5-BAA839364EC8}.Debug|Any CPU.Build.0 = Debug|Any CPU
		{8D4CA446-1120-4FAF-A2A5-BAA839364EC8}.Release|Any CPU.ActiveCfg = Release|Any CPU
		{8D4CA446-1120-4FAF-A2A5-BAA839364EC8}.Release|Any CPU.Build.0 = Release|Any CPU
		{0FBACCD0-1135-49CC-9131-18E4033AD643}.Debug|Any CPU.ActiveCfg = Debug|Any CPU
		{0FBACCD0-1135-49CC-9131-18E4033AD643}.Debug|Any CPU.Build.0 = Debug|Any CPU
		{0FBACCD0-1135-49CC-9131-18E4033AD643}.Release|Any CPU.ActiveCfg = Release|Any CPU
		{0FBACCD0-1135-49CC-9131-18E4033AD643}.Release|Any CPU.Build.0 = Release|Any CPU
	EndGlobalSection
	GlobalSection(SolutionProperties) = preSolution
		HideSolutionNode = FALSE
	EndGlobalSection
	GlobalSection(NestedProjects) = preSolution
		{0FBACCD0-1135-49CC-9131-18E4033AD643} = {7BA653B7-A9C3-43CA-BBE7-0F30C98FB306}
		{8824FCC7-4D87-4AE7-B41D-F2FD50995D3D} = {3EE310EA-6434-4E0D-A839-3E10BC4057B6}
		{B5FE9732-C329-4761-8B28-F2FB0B620F7E} = {002C3785-83ED-4365-8DFA-B61F728BA2EC}
		{224DF213-1BC0-4DAD-8D8A-5A90F6FFD5C1} = {002C3785-83ED-4365-8DFA-B61F728BA2EC}
		{4E308CE1-2747-4C7F-AAD5-7487D30329FF} = {002C3785-83ED-4365-8DFA-B61F728BA2EC}
		{366FADA2-1C21-4E24-B09C-A06355ECB40C} = {E25F47E3-0253-4454-B463-26B65DD82707}
		{52887312-8A2D-48A4-909D-B0DF3F7974D3} = {E25F47E3-0253-4454-B463-26B65DD82707}
		{A4E888BA-372F-4832-888B-D4CE24EE3E87} = {E25F47E3-0253-4454-B463-26B65DD82707}
		{5AB1EF31-4EE6-472E-8323-591FDECA710B} = {E25F47E3-0253-4454-B463-26B65DD82707}
		{2A962149-E595-4C6D-9A67-DE5FE64EE0D5} = {2D395A07-D90B-4F23-A2A2-7923A236E29A}
		{8D4CA446-1120-4FAF-A2A5-BAA839364EC8} = {08C347E2-9487-4C6E-A104-D3CF5AFC1C42}
		{CD78F644-8DFD-4F5D-9E67-72E2439B2866} = {D4E0A929-31CB-4567-8C46-CB679ECD9224}
		{93FFB32D-44C6-4772-B006-8F3F78D6BA48} = {38E48638-A315-4410-9F9F-154B92ECBA4E}
		{64D76660-6F58-4AB2-BDA1-CDC32138A411} = {CD78F644-8DFD-4F5D-9E67-72E2439B2866}
		{6A704022-236A-4B98-8C1D-71C70830EDE7} = {CD78F644-8DFD-4F5D-9E67-72E2439B2866}
		{2FABA2F2-4FD6-464E-B985-D5378CB8FDD9} = {6A704022-236A-4B98-8C1D-71C70830EDE7}
	EndGlobalSection
EndGlobal
